
Microsoft Visual Studio Solution File, Format Version 12.00
# Visual Studio Version 17
VisualStudioVersion = 17.4.33122.133
MinimumVisualStudioVersion = 10.0.40219.1
Project("{FAE04EC0-301F-11D3-BF4B-00C04F79EFBC}") = "Note store", "Note store.csproj", "{8FFE7C03-D678-4B33-A1A0-CA79DD3AB745}"
EndProject
Global
	GlobalSection(SolutionConfigurationPlatforms) = preSolution
		Debug|Any CPU = Debug|Any CPU
		Release|Any CPU = Release|Any CPU
	EndGlobalSection
	GlobalSection(ProjectConfigurationPlatforms) = postSolution
		{8FFE7C03-D678-4B33-A1A0-CA79DD3AB745}.Debug|Any CPU.ActiveCfg = Debug|Any CPU
		{8FFE7C03-D678-4B33-A1A0-CA79DD3AB745}.Debug|Any CPU.Build.0 = Debug|Any CPU
		{8FFE7C03-D678-4B33-A1A0-CA79DD3AB745}.Release|Any CPU.ActiveCfg = Release|Any CPU
		{8FFE7C03-D678-4B33-A1A0-CA79DD3AB745}.Release|Any CPU.Build.0 = Release|Any CPU
	EndGlobalSection
	GlobalSection(SolutionProperties) = preSolution
		HideSolutionNode = FALSE
	EndGlobalSection
	GlobalSection(ExtensibilityGlobals) = postSolution
		SolutionGuid = {02BFCD0B-D63F-4A2B-A291-270761C73753}
	EndGlobalSection
EndGlobal
